# This file is automatically @generated by Poetry 2.2.1 and should not be changed by hand.

[[package]]
name = "appdirs"
version = "1.4.4"
description = "A small Python module for determining appropriate platform-specific dirs, e.g. a \"user data dir\"."
optional = false
python-versions = "*"
groups = ["main"]
files = [
    {file = "appdirs-1.4.4-py2.py3-none-any.whl", hash = "sha256:a841dacd6b99318a741b166adb07e19ee71a274450e68237b4650ca1055ab128"},
    {file = "appdirs-1.4.4.tar.gz", hash = "sha256:7d5d0167b2b1ba821647616af46a749d1c653740dd0d2415100fe26e27afdf41"},
]

[[package]]
name = "build"
version = "1.3.0"
description = "A simple, correct Python build frontend"
optional = false
python-versions = ">=3.9"
groups = ["main"]
files = [
    {file = "build-1.3.0-py3-none-any.whl", hash = "sha256:7145f0b5061ba90a1500d60bd1b13ca0a8a4cebdd0cc16ed8adf1c0e739f43b4"},
    {file = "build-1.3.0.tar.gz", hash = "sha256:698edd0ea270bde950f53aed21f3a0135672206f3911e0176261a31e0e07b397"},
]

[package.dependencies]
colorama = {version = "*", markers = "os_name == \"nt\""}
packaging = ">=19.1"
pyproject_hooks = "*"

[package.extras]
uv = ["uv (>=0.1.18)"]
virtualenv = ["virtualenv (>=20.11) ; python_version < \"3.10\"", "virtualenv (>=20.17) ; python_version >= \"3.10\" and python_version < \"3.14\"", "virtualenv (>=20.31) ; python_version >= \"3.14\""]

[[package]]
name = "click"
version = "8.3.0"
description = "Composable command line interface toolkit"
optional = false
python-versions = ">=3.10"
groups = ["main"]
files = [
    {file = "click-8.3.0-py3-none-any.whl", hash = "sha256:9b9f285302c6e3064f4330c05f05b81945b2a39544279343e6e7c5f27a9baddc"},
    {file = "click-8.3.0.tar.gz", hash = "sha256:e7b8232224eba16f4ebe410c25ced9f7875cb5f3263ffc93cc3e8da705e229c4"},
]

[package.dependencies]
colorama = {version = "*", markers = "platform_system == \"Windows\""}

[[package]]
name = "colorama"
version = "0.4.6"
description = "Cross-platform colored terminal text."
optional = false
python-versions = "!=3.0.*,!=3.1.*,!=3.2.*,!=3.3.*,!=3.4.*,!=3.5.*,!=3.6.*,>=2.7"
groups = ["main"]
markers = "platform_system == \"Windows\" or os_name == \"nt\""
files = [
    {file = "colorama-0.4.6-py2.py3-none-any.whl", hash = "sha256:4f1d9991f5acc0ca119f9d443620b77f9d6b33703e51011c16baf57afb285fc6"},
    {file = "colorama-0.4.6.tar.gz", hash = "sha256:08695f5cb7ed6e0531a20572697297273c47b8cae5a63ffc6d6ed5c201be6e44"},
]

[[package]]
name = "daemonize"
version = "2.5.0"
description = "Library to enable your code run as a daemon process on Unix-like systems."
optional = false
python-versions = "*"
groups = ["main"]
files = [
    {file = "daemonize-2.5.0-py2.py3-none-any.whl", hash = "sha256:9b6b91311a9d934ff3f5f766666635ca280d3de8e7137e4cd7d3f052543b989f"},
    {file = "daemonize-2.5.0.tar.gz", hash = "sha256:dd026e4ff8d22cb016ed2130bc738b7d4b1da597ef93c074d2adb9e4dea08bc3"},
]

[[package]]
name = "inotify"
version = "0.2.12"
description = "An adapter to Linux kernel support for inotify directory-watching."
optional = false
python-versions = "*"
groups = ["main"]
files = [
    {file = "inotify-0.2.12-py2.py3-none-any.whl", hash = "sha256:e4f1c8ec7ba5ec2a1a7fce48c0c917234af9d756495ebae7ffa00e41a305ab90"},
    {file = "inotify-0.2.12.tar.gz", hash = "sha256:9aee407f92c7d51a2ce50f3b78291a9094e334e34bd68e82bf60020795fa2c94"},
]

[package.dependencies]
build = "*"

[[package]]
name = "packaging"
version = "25.0"
description = "Core utilities for Python packages"
optional = false
python-versions = ">=3.8"
groups = ["main"]
files = [
    {file = "packaging-25.0-py3-none-any.whl", hash = "sha256:29572ef2b1f17581046b3a2227d5c611fb25ec70ca1ba8554b24b0e69331a484"},
    {file = "packaging-25.0.tar.gz", hash = "sha256:d443872c98d677bf60f6a1f2f8c1cb748e8fe762d2bf9d3148b5599295b0fc4f"},
]

[[package]]
name = "pyperclip"
version = "1.11.0"
description = "A cross-platform clipboard module for Python. (Only handles plain text for now.)"
optional = false
python-versions = "*"
groups = ["main"]
files = [
    {file = "pyperclip-1.11.0-py3-none-any.whl", hash = "sha256:299403e9ff44581cb9ba2ffeed69c7aa96a008622ad0c46cb575ca75b5b84273"},
    {file = "pyperclip-1.11.0.tar.gz", hash = "sha256:244035963e4428530d9e3a6101a1ef97209c6825edab1567beac148ccc1db1b6"},
]

[[package]]
name = "pyproject-hooks"
version = "1.2.0"
description = "Wrappers to call pyproject.toml-based build backend hooks."
optional = false
python-versions = ">=3.7"
groups = ["main"]
files = [
    {file = "pyproject_hooks-1.2.0-py3-none-any.whl", hash = "sha256:9e5c6bfa8dcc30091c74b0cf803c81fdd29d94f01992a7707bc97babb1141913"},
    {file = "pyproject_hooks-1.2.0.tar.gz", hash = "sha256:1e859bd5c40fae9448642dd871adf459e5e2084186e8d2c2a79a824c970da1f8"},
]

[metadata]
lock-version = "2.1"
python-versions = "^3.11"
content-hash = "bef2096446387105cdbe17217e7d5fd81cd9246b61b8a421612a551277e97d4c"
